
Microsoft Visual Studio Solution File, Format Version 12.00
# Visual Studio 2013
VisualStudioVersion = 12.0.21005.1
MinimumVisualStudioVersion = 10.0.40219.1
Project("{FAE04EC0-301F-11D3-BF4B-00C04F79EFBC}") = "Sapphire", "Sapphire.csproj", "{6D34B82D-86D2-422F-940B-01017B7A8B35}"
EndProject
Global
	GlobalSection(SolutionConfigurationPlatforms) = preSolution
		Debug|Any CPU = Debug|Any CPU
		Release|Any CPU = Release|Any CPU
	EndGlobalSection
	GlobalSection(ProjectConfigurationPlatforms) = postSolution
		{6D34B82D-86D2-422F-940B-01017B7A8B35}.Debug|Any CPU.ActiveCfg = Debug|Any CPU
		{6D34B82D-86D2-422F-940B-01017B7A8B35}.Debug|Any CPU.Build.0 = Debug|Any CPU
		{6D34B82D-86D2-422F-940B-01017B7A8B35}.Release|Any CPU.ActiveCfg = Release|Any CPU
		{6D34B82D-86D2-422F-940B-01017B7A8B35}.Release|Any CPU.Build.0 = Release|Any CPU
	EndGlobalSection
	GlobalSection(SolutionProperties) = preSolution
		HideSolutionNode = FALSE
	EndGlobalSection
EndGlobal
